
Microsoft Visual Studio Solution File, Format Version 12.00
# Visual Studio Version 17
VisualStudioVersion = 17.2.32602.215
MinimumVisualStudioVersion = 10.0.40219.1
Project("{8BC9CEB8-8B4A-11D0-8D11-00A0C91BC942}") = "Sample2", "Sample2.vcxproj", "{391A34AB-62FB-4D75-BC54-B90B4A24AB3B}"
EndProject
Global
	GlobalSection(SolutionConfigurationPlatforms) = preSolution
		Debug|x64 = Debug|x64
		Debug|x86 = Debug|x86
		Release|x64 = Release|x64
		Release|x86 = Release|x86
	EndGlobalSection
	GlobalSection(ProjectConfigurationPlatforms) = postSolution
		{391A34AB-62FB-4D75-BC54-B90B4A24AB3B}.Debug|x64.ActiveCfg = Debug|x64
		{391A34AB-62FB-4D75-BC54-B90B4A24AB3B}.Debug|x64.Build.0 = Debug|x64
		{391A34AB-62FB-4D75-BC54-B90B4A24AB3B}.Debug|x86.ActiveCfg = Debug|Win32
		{391A34AB-62FB-4D75-BC54-B90B4A24AB3B}.Debug|x86.Build.0 = Debug|Win32
		{391A34AB-62FB-4D75-BC54-B90B4A24AB3B}.Release|x64.ActiveCfg = Release|x64
		{391A34AB-62FB-4D75-BC54-B90B4A24AB3B}.Release|x64.Build.0 = Release|x64
		{391A34AB-62FB-4D75-BC54-B90B4A24AB3B}.Release|x86.ActiveCfg = Release|Win32
		{391A34AB-62FB-4D75-BC54-B90B4A24AB3B}.Release|x86.Build.0 = Release|Win32
	EndGlobalSection
	GlobalSection(SolutionProperties) = preSolution
		HideSolutionNode = FALSE
	EndGlobalSection
	GlobalSection(ExtensibilityGlobals) = postSolution
		SolutionGuid = {2B4A2C7F-4D3B-4F35-A885-A0C63E7011B6}
	EndGlobalSection
EndGlobal
